// !$*UTF8*$!
{
	archiveVersion = 1;
	classes = {
	};
	objectVersion = 51;
	objects = {

/* Begin PBXBuildFile section */
		1244F51423AD17C40088D803 /* KeyPathExamples.swift in Sources */ = {isa = PBXBuildFile; fileRef = 1244F51323AD17C40088D803 /* KeyPathExamples.swift */; };
		124A33622388659600802213 /* AHPromise.swift in Sources */ = {isa = PBXBuildFile; fileRef = 124A33612388659600802213 /* AHPromise.swift */; };
		124A336423886A8A00802213 /* AHFuture.swift in Sources */ = {isa = PBXBuildFile; fileRef = 124A336323886A8A00802213 /* AHFuture.swift */; };
		124A3370238940C000802213 /* AHPromise+Extras.swift in Sources */ = {isa = PBXBuildFile; fileRef = 124A336F238940C000802213 /* AHPromise+Extras.swift */; };
		124A33722389446F00802213 /* AHCallback.swift in Sources */ = {isa = PBXBuildFile; fileRef = 124A33712389446F00802213 /* AHCallback.swift */; };
		124A337F238949C400802213 /* URLSession+Ext.swift in Sources */ = {isa = PBXBuildFile; fileRef = 124A337E238949C400802213 /* URLSession+Ext.swift */; };
		124A3382238AD0F700802213 /* (null) in Frameworks */ = {isa = PBXBuildFile; };
		124C441025580BA200EEFA8D /* UITableView+Ext.swift in Sources */ = {isa = PBXBuildFile; fileRef = 124C440F25580BA200EEFA8D /* UITableView+Ext.swift */; };
		124C441325580BB300EEFA8D /* URL+Ext.swift in Sources */ = {isa = PBXBuildFile; fileRef = 124C441225580BB300EEFA8D /* URL+Ext.swift */; };
		124C441625580E6400EEFA8D /* UITableView+Ext.swift in Sources */ = {isa = PBXBuildFile; fileRef = 124C440F25580BA200EEFA8D /* UITableView+Ext.swift */; };
		124C441725580E6400EEFA8D /* URL+Ext.swift in Sources */ = {isa = PBXBuildFile; fileRef = 124C441225580BB300EEFA8D /* URL+Ext.swift */; };
		124C441A25580E9B00EEFA8D /* UIView+Ext.swift in Sources */ = {isa = PBXBuildFile; fileRef = 124C441925580E9B00EEFA8D /* UIView+Ext.swift */; };
		124C441B25580E9B00EEFA8D /* UIView+Ext.swift in Sources */ = {isa = PBXBuildFile; fileRef = 124C441925580E9B00EEFA8D /* UIView+Ext.swift */; };
		12772FC825DDB28F001FFAF8 /* CoreAnimationViewController.swift in Sources */ = {isa = PBXBuildFile; fileRef = 12772FC725DDB28F001FFAF8 /* CoreAnimationViewController.swift */; };
		12772FC925DDB28F001FFAF8 /* CoreAnimationViewController.swift in Sources */ = {isa = PBXBuildFile; fileRef = 12772FC725DDB28F001FFAF8 /* CoreAnimationViewController.swift */; };
		12E5311D23AA3436000D629C /* AudioPlayer.swift in Sources */ = {isa = PBXBuildFile; fileRef = 12E5311C23AA3436000D629C /* AudioPlayer.swift */; };
		12E5311F23AA384F000D629C /* ObservationToken.swift in Sources */ = {isa = PBXBuildFile; fileRef = 12E5311E23AA384F000D629C /* ObservationToken.swift */; };
		12E5312123AA38F2000D629C /* Dictionary+Ext.swift in Sources */ = {isa = PBXBuildFile; fileRef = 12E5312023AA38F2000D629C /* Dictionary+Ext.swift */; };
		12E5312323AA541E000D629C /* ObserversViewController.swift in Sources */ = {isa = PBXBuildFile; fileRef = 12E5312223AA541E000D629C /* ObserversViewController.swift */; };
		12E5312723AA5DFF000D629C /* SecondAudioPlayer.swift in Sources */ = {isa = PBXBuildFile; fileRef = 12E5312623AA5DFF000D629C /* SecondAudioPlayer.swift */; };
		12E5312923AA5E58000D629C /* AudioPlayerProtocol.swift in Sources */ = {isa = PBXBuildFile; fileRef = 12E5312823AA5E58000D629C /* AudioPlayerProtocol.swift */; };
		12E5312B23AA5EC1000D629C /* FirstAudioPlayer.swift in Sources */ = {isa = PBXBuildFile; fileRef = 12E5312A23AA5EC1000D629C /* FirstAudioPlayer.swift */; };
		12FBF6F025533B240037EF72 /* APIProvider.swift in Sources */ = {isa = PBXBuildFile; fileRef = 12FBF6EF25533B240037EF72 /* APIProvider.swift */; };
		12FBF6F225534ACD0037EF72 /* APIProvider.swift in Sources */ = {isa = PBXBuildFile; fileRef = 12FBF6EF25533B240037EF72 /* APIProvider.swift */; };
		12FF3704255B3FCC0098E441 /* Box.swift in Sources */ = {isa = PBXBuildFile; fileRef = 12FF3703255B3FCC0098E441 /* Box.swift */; };
		12FF3705255B3FCC0098E441 /* Box.swift in Sources */ = {isa = PBXBuildFile; fileRef = 12FF3703255B3FCC0098E441 /* Box.swift */; };
		4520D61FAFB27238E89081D0 /* Pods_AHFramework.framework in Frameworks */ = {isa = PBXBuildFile; fileRef = D00DC274C106DEA5967C4094 /* Pods_AHFramework.framework */; };
		520F80A32275F35E00526A13 /* (null) in Sources */ = {isa = PBXBuildFile; };
		521866EF2267AF78002DCB40 /* AppDelegate.swift in Sources */ = {isa = PBXBuildFile; fileRef = 521866EE2267AF78002DCB40 /* AppDelegate.swift */; };
		521866F42267AF78002DCB40 /* Main.storyboard in Resources */ = {isa = PBXBuildFile; fileRef = 521866F22267AF78002DCB40 /* Main.storyboard */; };
		521866F62267AF7B002DCB40 /* Assets.xcassets in Resources */ = {isa = PBXBuildFile; fileRef = 521866F52267AF7B002DCB40 /* Assets.xcassets */; };
		521866F92267AF7B002DCB40 /* LaunchScreen.storyboard in Resources */ = {isa = PBXBuildFile; fileRef = 521866F72267AF7B002DCB40 /* LaunchScreen.storyboard */; };
		521867082267B8D9002DCB40 /* Configuration.plist in Resources */ = {isa = PBXBuildFile; fileRef = 521867072267B8D9002DCB40 /* Configuration.plist */; };
		5218670B2267B9CE002DCB40 /* Configuration.swift in Sources */ = {isa = PBXBuildFile; fileRef = 5218670A2267B9CE002DCB40 /* Configuration.swift */; };
		521867122267BFDD002DCB40 /* Guardian.swift in Sources */ = {isa = PBXBuildFile; fileRef = 5218670E2267BFDD002DCB40 /* Guardian.swift */; };
		5218671A2267C0BF002DCB40 /* GuardianTableViewController.swift in Sources */ = {isa = PBXBuildFile; fileRef = 521867162267C0BF002DCB40 /* GuardianTableViewController.swift */; };
		5218671C2267C0BF002DCB40 /* NewsFeed.swift in Sources */ = {isa = PBXBuildFile; fileRef = 521867192267C0BF002DCB40 /* NewsFeed.swift */; };
		521FDF8F22880F92000F277A /* EventableViewController.swift in Sources */ = {isa = PBXBuildFile; fileRef = 521FDF8E22880F92000F277A /* EventableViewController.swift */; };
		521FDF93228813DB000F277A /* DynamicTableViewController.swift in Sources */ = {isa = PBXBuildFile; fileRef = 521FDF92228813DB000F277A /* DynamicTableViewController.swift */; };
		5221155C22762F8E003E147B /* BaseTableViewController.swift in Sources */ = {isa = PBXBuildFile; fileRef = 5221155B22762F8E003E147B /* BaseTableViewController.swift */; };
		5221155E22762FE9003E147B /* BaseTableViewCell.swift in Sources */ = {isa = PBXBuildFile; fileRef = 5221155D22762FE9003E147B /* BaseTableViewCell.swift */; };
		52211560227630B7003E147B /* DynamicModel.swift in Sources */ = {isa = PBXBuildFile; fileRef = 5221155F227630B7003E147B /* DynamicModel.swift */; };
		523ACD85229D33980082946D /* StaticTableDataProvider.swift in Sources */ = {isa = PBXBuildFile; fileRef = 523ACD84229D33980082946D /* StaticTableDataProvider.swift */; };
		523ACD87229D3E510082946D /* StaticTableViewController.swift in Sources */ = {isa = PBXBuildFile; fileRef = 523ACD86229D3E500082946D /* StaticTableViewController.swift */; };
		523ACD89229DA3570082946D /* StaticTableCell.swift in Sources */ = {isa = PBXBuildFile; fileRef = 523ACD88229DA3570082946D /* StaticTableCell.swift */; };
		523ACD8F229DA70B0082946D /* StaticModel.swift in Sources */ = {isa = PBXBuildFile; fileRef = 523ACD8E229DA70B0082946D /* StaticModel.swift */; };
		523ACD99229DB1470082946D /* AHFramework.h in Headers */ = {isa = PBXBuildFile; fileRef = 523ACD97229DB1470082946D /* AHFramework.h */; settings = {ATTRIBUTES = (Public, ); }; };
		523ACD9C229DB1470082946D /* AHFramework.framework in Frameworks */ = {isa = PBXBuildFile; fileRef = 523ACD95229DB1470082946D /* AHFramework.framework */; };
		523ACD9D229DB1470082946D /* AHFramework.framework in Embed Frameworks */ = {isa = PBXBuildFile; fileRef = 523ACD95229DB1470082946D /* AHFramework.framework */; settings = {ATTRIBUTES = (CodeSignOnCopy, RemoveHeadersOnCopy, ); }; };
		523ACDA3229DB2310082946D /* StaticTableViewController.swift in Sources */ = {isa = PBXBuildFile; fileRef = 523ACD86229D3E500082946D /* StaticTableViewController.swift */; };
		523ACDA4229DB2850082946D /* StaticTableDataProvider.swift in Sources */ = {isa = PBXBuildFile; fileRef = 523ACD84229D33980082946D /* StaticTableDataProvider.swift */; };
		523ACDA5229DB2850082946D /* StaticTableCell.swift in Sources */ = {isa = PBXBuildFile; fileRef = 523ACD88229DA3570082946D /* StaticTableCell.swift */; };
		523ACDA6229DB2850082946D /* StaticModel.swift in Sources */ = {isa = PBXBuildFile; fileRef = 523ACD8E229DA70B0082946D /* StaticModel.swift */; };
		526C7A4E236EC7050014E7C7 /* Weakifiable.swift in Sources */ = {isa = PBXBuildFile; fileRef = 526C7A4D236EC7050014E7C7 /* Weakifiable.swift */; };
		52E3010922A0855100F409F3 /* Guardian.swift in Sources */ = {isa = PBXBuildFile; fileRef = 5218670E2267BFDD002DCB40 /* Guardian.swift */; };
		52E3010A22A0857500F409F3 /* Configuration.swift in Sources */ = {isa = PBXBuildFile; fileRef = 5218670A2267B9CE002DCB40 /* Configuration.swift */; };
		52E3010B22A0860600F409F3 /* GuardianTableViewController.swift in Sources */ = {isa = PBXBuildFile; fileRef = 521867162267C0BF002DCB40 /* GuardianTableViewController.swift */; };
		52E3010C22A0861900F409F3 /* NewsFeed.swift in Sources */ = {isa = PBXBuildFile; fileRef = 521867192267C0BF002DCB40 /* NewsFeed.swift */; };
		52ECDFE1238F07670065D12F /* TableViewDataSource.swift in Sources */ = {isa = PBXBuildFile; fileRef = 52ECDFE0238F07670065D12F /* TableViewDataSource.swift */; };
		52ECDFE3238F08E60065D12F /* DataSourceViewController.swift in Sources */ = {isa = PBXBuildFile; fileRef = 52ECDFE2238F08E60065D12F /* DataSourceViewController.swift */; };
		52ECDFE5238F14E30065D12F /* SectionedTableViewDataSource.swift in Sources */ = {isa = PBXBuildFile; fileRef = 52ECDFE4238F14E30065D12F /* SectionedTableViewDataSource.swift */; };
		52ECDFE72392C5360065D12F /* DiffableDataSourceViewController.swift in Sources */ = {isa = PBXBuildFile; fileRef = 52ECDFE62392C5360065D12F /* DiffableDataSourceViewController.swift */; };
		52ECDFEA239D19E60065D12F /* UserDefault.swift in Sources */ = {isa = PBXBuildFile; fileRef = 52ECDFE9239D19E50065D12F /* UserDefault.swift */; };
		52ECDFEC239D1F3E0065D12F /* Atomic.swift in Sources */ = {isa = PBXBuildFile; fileRef = 52ECDFEB239D1F3E0065D12F /* Atomic.swift */; };
		52ECDFEE239EC9D10065D12F /* ConsoleLogged.swift in Sources */ = {isa = PBXBuildFile; fileRef = 52ECDFED239EC9D10065D12F /* ConsoleLogged.swift */; };
		52F31ACA2314378D00EF744E /* Styling.swift in Sources */ = {isa = PBXBuildFile; fileRef = 52F31AC92314378D00EF744E /* Styling.swift */; };
		52F31ACC23143B0900EF744E /* StyleViewController.swift in Sources */ = {isa = PBXBuildFile; fileRef = 52F31ACB23143B0900EF744E /* StyleViewController.swift */; };
		E363F3C8CC1D95659D6EF2D6 /* Pods_xcconfig_template.framework in Frameworks */ = {isa = PBXBuildFile; fileRef = 42071F0C2E1AE2290718F937 /* Pods_xcconfig_template.framework */; };
/* End PBXBuildFile section */

/* Begin PBXContainerItemProxy section */
		523ACD9A229DB1470082946D /* PBXContainerItemProxy */ = {
			isa = PBXContainerItemProxy;
			containerPortal = 521866E32267AF78002DCB40 /* Project object */;
			proxyType = 1;
			remoteGlobalIDString = 523ACD94229DB1470082946D;
			remoteInfo = AHFramework;
		};
/* End PBXContainerItemProxy section */

/* Begin PBXCopyFilesBuildPhase section */
		523ACDA2229DB1470082946D /* Embed Frameworks */ = {
			isa = PBXCopyFilesBuildPhase;
			buildActionMask = 2147483647;
			dstPath = "";
			dstSubfolderSpec = 10;
			files = (
				523ACD9D229DB1470082946D /* AHFramework.framework in Embed Frameworks */,
			);
			name = "Embed Frameworks";
			runOnlyForDeploymentPostprocessing = 0;
		};
/* End PBXCopyFilesBuildPhase section */

/* Begin PBXFileReference section */
		1244F51323AD17C40088D803 /* KeyPathExamples.swift */ = {isa = PBXFileReference; lastKnownFileType = sourcecode.swift; path = KeyPathExamples.swift; sourceTree = "<group>"; };
		124A33612388659600802213 /* AHPromise.swift */ = {isa = PBXFileReference; lastKnownFileType = sourcecode.swift; path = AHPromise.swift; sourceTree = "<group>"; };
		124A336323886A8A00802213 /* AHFuture.swift */ = {isa = PBXFileReference; lastKnownFileType = sourcecode.swift; path = AHFuture.swift; sourceTree = "<group>"; };
		124A336F238940C000802213 /* AHPromise+Extras.swift */ = {isa = PBXFileReference; lastKnownFileType = sourcecode.swift; path = "AHPromise+Extras.swift"; sourceTree = "<group>"; };
		124A33712389446F00802213 /* AHCallback.swift */ = {isa = PBXFileReference; lastKnownFileType = sourcecode.swift; path = AHCallback.swift; sourceTree = "<group>"; };
		124A337E238949C400802213 /* URLSession+Ext.swift */ = {isa = PBXFileReference; lastKnownFileType = sourcecode.swift; path = "URLSession+Ext.swift"; sourceTree = "<group>"; };
		124C440F25580BA200EEFA8D /* UITableView+Ext.swift */ = {isa = PBXFileReference; lastKnownFileType = sourcecode.swift; path = "UITableView+Ext.swift"; sourceTree = "<group>"; };
		124C441225580BB300EEFA8D /* URL+Ext.swift */ = {isa = PBXFileReference; lastKnownFileType = sourcecode.swift; path = "URL+Ext.swift"; sourceTree = "<group>"; };
		124C441925580E9B00EEFA8D /* UIView+Ext.swift */ = {isa = PBXFileReference; lastKnownFileType = sourcecode.swift; path = "UIView+Ext.swift"; sourceTree = "<group>"; };
		12772FC725DDB28F001FFAF8 /* CoreAnimationViewController.swift */ = {isa = PBXFileReference; lastKnownFileType = sourcecode.swift; path = CoreAnimationViewController.swift; sourceTree = "<group>"; };
		12E5311C23AA3436000D629C /* AudioPlayer.swift */ = {isa = PBXFileReference; lastKnownFileType = sourcecode.swift; path = AudioPlayer.swift; sourceTree = "<group>"; };
		12E5311E23AA384F000D629C /* ObservationToken.swift */ = {isa = PBXFileReference; lastKnownFileType = sourcecode.swift; path = ObservationToken.swift; sourceTree = "<group>"; };
		12E5312023AA38F2000D629C /* Dictionary+Ext.swift */ = {isa = PBXFileReference; lastKnownFileType = sourcecode.swift; path = "Dictionary+Ext.swift"; sourceTree = "<group>"; };
		12E5312223AA541E000D629C /* ObserversViewController.swift */ = {isa = PBXFileReference; lastKnownFileType = sourcecode.swift; path = ObserversViewController.swift; sourceTree = "<group>"; };
		12E5312623AA5DFF000D629C /* SecondAudioPlayer.swift */ = {isa = PBXFileReference; lastKnownFileType = sourcecode.swift; path = SecondAudioPlayer.swift; sourceTree = "<group>"; };
		12E5312823AA5E58000D629C /* AudioPlayerProtocol.swift */ = {isa = PBXFileReference; lastKnownFileType = sourcecode.swift; path = AudioPlayerProtocol.swift; sourceTree = "<group>"; };
		12E5312A23AA5EC1000D629C /* FirstAudioPlayer.swift */ = {isa = PBXFileReference; lastKnownFileType = sourcecode.swift; path = FirstAudioPlayer.swift; sourceTree = "<group>"; };
		12FBF6EF25533B240037EF72 /* APIProvider.swift */ = {isa = PBXFileReference; lastKnownFileType = sourcecode.swift; path = APIProvider.swift; sourceTree = "<group>"; };
		12FF3703255B3FCC0098E441 /* Box.swift */ = {isa = PBXFileReference; lastKnownFileType = sourcecode.swift; path = Box.swift; sourceTree = "<group>"; };
		42071F0C2E1AE2290718F937 /* Pods_xcconfig_template.framework */ = {isa = PBXFileReference; explicitFileType = wrapper.framework; includeInIndex = 0; path = Pods_xcconfig_template.framework; sourceTree = BUILT_PRODUCTS_DIR; };
		521866EB2267AF78002DCB40 /* xcconfig_template_debug.app */ = {isa = PBXFileReference; explicitFileType = wrapper.application; includeInIndex = 0; path = xcconfig_template_debug.app; sourceTree = BUILT_PRODUCTS_DIR; };
		521866EE2267AF78002DCB40 /* AppDelegate.swift */ = {isa = PBXFileReference; lastKnownFileType = sourcecode.swift; path = AppDelegate.swift; sourceTree = "<group>"; };
		521866F32267AF78002DCB40 /* Base */ = {isa = PBXFileReference; lastKnownFileType = file.storyboard; name = Base; path = Base.lproj/Main.storyboard; sourceTree = "<group>"; };
		521866F52267AF7B002DCB40 /* Assets.xcassets */ = {isa = PBXFileReference; lastKnownFileType = folder.assetcatalog; path = Assets.xcassets; sourceTree = "<group>"; };
		521866F82267AF7B002DCB40 /* Base */ = {isa = PBXFileReference; lastKnownFileType = file.storyboard; name = Base; path = Base.lproj/LaunchScreen.storyboard; sourceTree = "<group>"; };
		521866FA2267AF7B002DCB40 /* Info.plist */ = {isa = PBXFileReference; lastKnownFileType = text.plist.xml; path = Info.plist; sourceTree = "<group>"; };
		521867012267B0C2002DCB40 /* Shared.xcconfig */ = {isa = PBXFileReference; lastKnownFileType = text.xcconfig; path = Shared.xcconfig; sourceTree = "<group>"; };
		521867022267B0DC002DCB40 /* Debug.xcconfig */ = {isa = PBXFileReference; lastKnownFileType = text.xcconfig; path = Debug.xcconfig; sourceTree = "<group>"; };
		521867032267B0F3002DCB40 /* Release.xcconfig */ = {isa = PBXFileReference; lastKnownFileType = text.xcconfig; path = Release.xcconfig; sourceTree = "<group>"; };
		521867042267B12E002DCB40 /* Development.xcconfig */ = {isa = PBXFileReference; lastKnownFileType = text.xcconfig; path = Development.xcconfig; sourceTree = "<group>"; };
		521867072267B8D9002DCB40 /* Configuration.plist */ = {isa = PBXFileReference; lastKnownFileType = text.plist.xml; path = Configuration.plist; sourceTree = "<group>"; };
		5218670A2267B9CE002DCB40 /* Configuration.swift */ = {isa = PBXFileReference; lastKnownFileType = sourcecode.swift; path = Configuration.swift; sourceTree = "<group>"; };
		5218670E2267BFDD002DCB40 /* Guardian.swift */ = {isa = PBXFileReference; fileEncoding = 4; lastKnownFileType = sourcecode.swift; path = Guardian.swift; sourceTree = "<group>"; };
		521867162267C0BF002DCB40 /* GuardianTableViewController.swift */ = {isa = PBXFileReference; fileEncoding = 4; lastKnownFileType = sourcecode.swift; path = GuardianTableViewController.swift; sourceTree = "<group>"; };
		521867192267C0BF002DCB40 /* NewsFeed.swift */ = {isa = PBXFileReference; fileEncoding = 4; lastKnownFileType = sourcecode.swift; path = NewsFeed.swift; sourceTree = "<group>"; };
		521FDF8E22880F92000F277A /* EventableViewController.swift */ = {isa = PBXFileReference; lastKnownFileType = sourcecode.swift; path = EventableViewController.swift; sourceTree = "<group>"; };
		521FDF92228813DB000F277A /* DynamicTableViewController.swift */ = {isa = PBXFileReference; lastKnownFileType = sourcecode.swift; path = DynamicTableViewController.swift; sourceTree = "<group>"; };
		5221155B22762F8E003E147B /* BaseTableViewController.swift */ = {isa = PBXFileReference; lastKnownFileType = sourcecode.swift; path = BaseTableViewController.swift; sourceTree = "<group>"; };
		5221155D22762FE9003E147B /* BaseTableViewCell.swift */ = {isa = PBXFileReference; lastKnownFileType = sourcecode.swift; path = BaseTableViewCell.swift; sourceTree = "<group>"; };
		5221155F227630B7003E147B /* DynamicModel.swift */ = {isa = PBXFileReference; lastKnownFileType = sourcecode.swift; path = DynamicModel.swift; sourceTree = "<group>"; };
		523ACD84229D33980082946D /* StaticTableDataProvider.swift */ = {isa = PBXFileReference; fileEncoding = 4; lastKnownFileType = sourcecode.swift; path = StaticTableDataProvider.swift; sourceTree = "<group>"; };
		523ACD86229D3E500082946D /* StaticTableViewController.swift */ = {isa = PBXFileReference; fileEncoding = 4; lastKnownFileType = sourcecode.swift; path = StaticTableViewController.swift; sourceTree = "<group>"; };
		523ACD88229DA3570082946D /* StaticTableCell.swift */ = {isa = PBXFileReference; lastKnownFileType = sourcecode.swift; path = StaticTableCell.swift; sourceTree = "<group>"; };
		523ACD8E229DA70B0082946D /* StaticModel.swift */ = {isa = PBXFileReference; lastKnownFileType = sourcecode.swift; path = StaticModel.swift; sourceTree = "<group>"; };
		523ACD95229DB1470082946D /* AHFramework.framework */ = {isa = PBXFileReference; explicitFileType = wrapper.framework; includeInIndex = 0; path = AHFramework.framework; sourceTree = BUILT_PRODUCTS_DIR; };
		523ACD97229DB1470082946D /* AHFramework.h */ = {isa = PBXFileReference; lastKnownFileType = sourcecode.c.h; path = AHFramework.h; sourceTree = "<group>"; };
		523ACD98229DB1470082946D /* Info.plist */ = {isa = PBXFileReference; lastKnownFileType = text.plist.xml; path = Info.plist; sourceTree = "<group>"; };
		526C7A4D236EC7050014E7C7 /* Weakifiable.swift */ = {isa = PBXFileReference; fileEncoding = 4; lastKnownFileType = sourcecode.swift; path = Weakifiable.swift; sourceTree = "<group>"; };
		52ECDFE0238F07670065D12F /* TableViewDataSource.swift */ = {isa = PBXFileReference; lastKnownFileType = sourcecode.swift; path = TableViewDataSource.swift; sourceTree = "<group>"; };
		52ECDFE2238F08E60065D12F /* DataSourceViewController.swift */ = {isa = PBXFileReference; lastKnownFileType = sourcecode.swift; path = DataSourceViewController.swift; sourceTree = "<group>"; };
		52ECDFE4238F14E30065D12F /* SectionedTableViewDataSource.swift */ = {isa = PBXFileReference; lastKnownFileType = sourcecode.swift; path = SectionedTableViewDataSource.swift; sourceTree = "<group>"; };
		52ECDFE62392C5360065D12F /* DiffableDataSourceViewController.swift */ = {isa = PBXFileReference; lastKnownFileType = sourcecode.swift; path = DiffableDataSourceViewController.swift; sourceTree = "<group>"; };
		52ECDFE9239D19E50065D12F /* UserDefault.swift */ = {isa = PBXFileReference; lastKnownFileType = sourcecode.swift; path = UserDefault.swift; sourceTree = "<group>"; };
		52ECDFEB239D1F3E0065D12F /* Atomic.swift */ = {isa = PBXFileReference; lastKnownFileType = sourcecode.swift; path = Atomic.swift; sourceTree = "<group>"; };
		52ECDFED239EC9D10065D12F /* ConsoleLogged.swift */ = {isa = PBXFileReference; lastKnownFileType = sourcecode.swift; path = ConsoleLogged.swift; sourceTree = "<group>"; };
		52F31AC92314378D00EF744E /* Styling.swift */ = {isa = PBXFileReference; lastKnownFileType = sourcecode.swift; path = Styling.swift; sourceTree = "<group>"; };
		52F31ACB23143B0900EF744E /* StyleViewController.swift */ = {isa = PBXFileReference; lastKnownFileType = sourcecode.swift; path = StyleViewController.swift; sourceTree = "<group>"; };
		7E223FCC659C77D1F72529B1 /* Pods-xcconfig_template.development.xcconfig */ = {isa = PBXFileReference; includeInIndex = 1; lastKnownFileType = text.xcconfig; name = "Pods-xcconfig_template.development.xcconfig"; path = "Pods/Target Support Files/Pods-xcconfig_template/Pods-xcconfig_template.development.xcconfig"; sourceTree = "<group>"; };
		8042F665C9E6BAF3753E5B3F /* Pods-AHFramework.development.xcconfig */ = {isa = PBXFileReference; includeInIndex = 1; lastKnownFileType = text.xcconfig; name = "Pods-AHFramework.development.xcconfig"; path = "Pods/Target Support Files/Pods-AHFramework/Pods-AHFramework.development.xcconfig"; sourceTree = "<group>"; };
		D00DC274C106DEA5967C4094 /* Pods_AHFramework.framework */ = {isa = PBXFileReference; explicitFileType = wrapper.framework; includeInIndex = 0; path = Pods_AHFramework.framework; sourceTree = BUILT_PRODUCTS_DIR; };
		D7832CB9FF6FEF738F9C85D4 /* Pods-AHFramework.release.xcconfig */ = {isa = PBXFileReference; includeInIndex = 1; lastKnownFileType = text.xcconfig; name = "Pods-AHFramework.release.xcconfig"; path = "Pods/Target Support Files/Pods-AHFramework/Pods-AHFramework.release.xcconfig"; sourceTree = "<group>"; };
		DD36A43F1C7C902E814C5C78 /* Pods-xcconfig_template.release.xcconfig */ = {isa = PBXFileReference; includeInIndex = 1; lastKnownFileType = text.xcconfig; name = "Pods-xcconfig_template.release.xcconfig"; path = "Pods/Target Support Files/Pods-xcconfig_template/Pods-xcconfig_template.release.xcconfig"; sourceTree = "<group>"; };
		DDDDB052C0EEB24131909969 /* Pods-AHFramework.debug.xcconfig */ = {isa = PBXFileReference; includeInIndex = 1; lastKnownFileType = text.xcconfig; name = "Pods-AHFramework.debug.xcconfig"; path = "Pods/Target Support Files/Pods-AHFramework/Pods-AHFramework.debug.xcconfig"; sourceTree = "<group>"; };
		F11BFEBF36394F4D64FA9981 /* Pods-xcconfig_template.debug.xcconfig */ = {isa = PBXFileReference; includeInIndex = 1; lastKnownFileType = text.xcconfig; name = "Pods-xcconfig_template.debug.xcconfig"; path = "Pods/Target Support Files/Pods-xcconfig_template/Pods-xcconfig_template.debug.xcconfig"; sourceTree = "<group>"; };
/* End PBXFileReference section */

/* Begin PBXFrameworksBuildPhase section */
		521866E82267AF78002DCB40 /* Frameworks */ = {
			isa = PBXFrameworksBuildPhase;
			buildActionMask = 2147483647;
			files = (
				523ACD9C229DB1470082946D /* AHFramework.framework in Frameworks */,
				E363F3C8CC1D95659D6EF2D6 /* Pods_xcconfig_template.framework in Frameworks */,
				124A3382238AD0F700802213 /* (null) in Frameworks */,
			);
			runOnlyForDeploymentPostprocessing = 0;
		};
		523ACD92229DB1470082946D /* Frameworks */ = {
			isa = PBXFrameworksBuildPhase;
			buildActionMask = 2147483647;
			files = (
				4520D61FAFB27238E89081D0 /* Pods_AHFramework.framework in Frameworks */,
			);
			runOnlyForDeploymentPostprocessing = 0;
		};
/* End PBXFrameworksBuildPhase section */

/* Begin PBXGroup section */
		1244F51523AD17C90088D803 /* KeyPath */ = {
			isa = PBXGroup;
			children = (
				1244F51323AD17C40088D803 /* KeyPathExamples.swift */,
			);
			path = KeyPath;
			sourceTree = "<group>";
		};
		124A33602388657400802213 /* Promise */ = {
			isa = PBXGroup;
			children = (
				124A336C23893C0000802213 /* CoreKit */,
				124A337E238949C400802213 /* URLSession+Ext.swift */,
			);
			path = Promise;
			sourceTree = "<group>";
		};
		124A336C23893C0000802213 /* CoreKit */ = {
			isa = PBXGroup;
			children = (
				124A33712389446F00802213 /* AHCallback.swift */,
				124A336323886A8A00802213 /* AHFuture.swift */,
				124A33612388659600802213 /* AHPromise.swift */,
				124A336F238940C000802213 /* AHPromise+Extras.swift */,
			);
			path = CoreKit;
			sourceTree = "<group>";
		};
		12E5311B23AA33F7000D629C /* Observers */ = {
			isa = PBXGroup;
			children = (
				12E5311C23AA3436000D629C /* AudioPlayer.swift */,
				12E5312523AA5D83000D629C /* Closure */,
				12E5312423AA5D67000D629C /* Protocol */,
			);
			path = Observers;
			sourceTree = "<group>";
		};
		12E5312423AA5D67000D629C /* Protocol */ = {
			isa = PBXGroup;
			children = (
				12E5312623AA5DFF000D629C /* SecondAudioPlayer.swift */,
				12E5312823AA5E58000D629C /* AudioPlayerProtocol.swift */,
			);
			path = Protocol;
			sourceTree = "<group>";
		};
		12E5312523AA5D83000D629C /* Closure */ = {
			isa = PBXGroup;
			children = (
				12E5312A23AA5EC1000D629C /* FirstAudioPlayer.swift */,
				12E5311E23AA384F000D629C /* ObservationToken.swift */,
				12E5312023AA38F2000D629C /* Dictionary+Ext.swift */,
			);
			path = Closure;
			sourceTree = "<group>";
		};
		12FBF6EE25533AFD0037EF72 /* API */ = {
			isa = PBXGroup;
			children = (
				12FBF6EF25533B240037EF72 /* APIProvider.swift */,
			);
			path = API;
			sourceTree = "<group>";
		};
		12FF3702255B3FB60098E441 /* Box */ = {
			isa = PBXGroup;
			children = (
				12FF3703255B3FCC0098E441 /* Box.swift */,
			);
			path = Box;
			sourceTree = "<group>";
		};
		521866E22267AF78002DCB40 = {
			isa = PBXGroup;
			children = (
				521866ED2267AF78002DCB40 /* xcconfig_template */,
				523ACD96229DB1470082946D /* AHFramework */,
				521866EC2267AF78002DCB40 /* Products */,
				A4520C4BC33361331923949C /* Pods */,
				94EF026CD103FF1FD67900E3 /* Frameworks */,
			);
			sourceTree = "<group>";
		};
		521866EC2267AF78002DCB40 /* Products */ = {
			isa = PBXGroup;
			children = (
				521866EB2267AF78002DCB40 /* xcconfig_template_debug.app */,
				523ACD95229DB1470082946D /* AHFramework.framework */,
			);
			name = Products;
			sourceTree = "<group>";
		};
		521866ED2267AF78002DCB40 /* xcconfig_template */ = {
			isa = PBXGroup;
			children = (
				5218671D2267C0DC002DCB40 /* Main */,
				521867152267C0BF002DCB40 /* ViewController */,
				5218670C2267BFDD002DCB40 /* Common */,
				521867172267C0BF002DCB40 /* Models */,
				521867002267AFEE002DCB40 /* Configuration */,
			);
			path = xcconfig_template;
			sourceTree = "<group>";
		};
		521867002267AFEE002DCB40 /* Configuration */ = {
			isa = PBXGroup;
			children = (
				521867092267B992002DCB40 /* xcconfig */,
				521867072267B8D9002DCB40 /* Configuration.plist */,
				5218670A2267B9CE002DCB40 /* Configuration.swift */,
			);
			path = Configuration;
			sourceTree = "<group>";
		};
		521867092267B992002DCB40 /* xcconfig */ = {
			isa = PBXGroup;
			children = (
				521867012267B0C2002DCB40 /* Shared.xcconfig */,
				521867022267B0DC002DCB40 /* Debug.xcconfig */,
				521867042267B12E002DCB40 /* Development.xcconfig */,
				521867032267B0F3002DCB40 /* Release.xcconfig */,
			);
			name = xcconfig;
			sourceTree = "<group>";
		};
		5218670C2267BFDD002DCB40 /* Common */ = {
			isa = PBXGroup;
			children = (
				12FF3702255B3FB60098E441 /* Box */,
				12FBF6EE25533AFD0037EF72 /* API */,
				1244F51523AD17C90088D803 /* KeyPath */,
				12E5311B23AA33F7000D629C /* Observers */,
				52ECDFE8239D16E40065D12F /* PropertyWrapper */,
				52ECDFDF238F064C0065D12F /* TableViewDataSource */,
				526C7A4C236EC7050014E7C7 /* Weakifiable */,
				52F31AC82314375500EF744E /* Styling */,
				523ACD83229D31B30082946D /* StaticTableView_Enum */,
				5221155A22762F67003E147B /* DynamicTableView_Generic */,
				124A33602388657400802213 /* Promise */,
				5218670D2267BFDD002DCB40 /* Endpoints */,
				523ACD8B229DA65D0082946D /* Extensions */,
			);
			path = Common;
			sourceTree = "<group>";
		};
		5218670D2267BFDD002DCB40 /* Endpoints */ = {
			isa = PBXGroup;
			children = (
				5218670E2267BFDD002DCB40 /* Guardian.swift */,
			);
			path = Endpoints;
			sourceTree = "<group>";
		};
		521867152267C0BF002DCB40 /* ViewController */ = {
			isa = PBXGroup;
			children = (
				12772FC725DDB28F001FFAF8 /* CoreAnimationViewController.swift */,
				521867162267C0BF002DCB40 /* GuardianTableViewController.swift */,
				521FDF8E22880F92000F277A /* EventableViewController.swift */,
				521FDF92228813DB000F277A /* DynamicTableViewController.swift */,
				523ACD86229D3E500082946D /* StaticTableViewController.swift */,
				52F31ACB23143B0900EF744E /* StyleViewController.swift */,
				52ECDFE2238F08E60065D12F /* DataSourceViewController.swift */,
				52ECDFE62392C5360065D12F /* DiffableDataSourceViewController.swift */,
				12E5312223AA541E000D629C /* ObserversViewController.swift */,
			);
			path = ViewController;
			sourceTree = "<group>";
		};
		521867172267C0BF002DCB40 /* Models */ = {
			isa = PBXGroup;
			children = (
				521867192267C0BF002DCB40 /* NewsFeed.swift */,
			);
			path = Models;
			sourceTree = "<group>";
		};
		5218671D2267C0DC002DCB40 /* Main */ = {
			isa = PBXGroup;
			children = (
				521866EE2267AF78002DCB40 /* AppDelegate.swift */,
				521866F72267AF7B002DCB40 /* LaunchScreen.storyboard */,
				521866F22267AF78002DCB40 /* Main.storyboard */,
				521866FA2267AF7B002DCB40 /* Info.plist */,
				521866F52267AF7B002DCB40 /* Assets.xcassets */,
			);
			name = Main;
			sourceTree = "<group>";
		};
		5221155A22762F67003E147B /* DynamicTableView_Generic */ = {
			isa = PBXGroup;
			children = (
				5221155B22762F8E003E147B /* BaseTableViewController.swift */,
				5221155D22762FE9003E147B /* BaseTableViewCell.swift */,
				5221155F227630B7003E147B /* DynamicModel.swift */,
			);
			path = DynamicTableView_Generic;
			sourceTree = "<group>";
		};
		523ACD83229D31B30082946D /* StaticTableView_Enum */ = {
			isa = PBXGroup;
			children = (
				523ACD84229D33980082946D /* StaticTableDataProvider.swift */,
				523ACD88229DA3570082946D /* StaticTableCell.swift */,
				523ACD8E229DA70B0082946D /* StaticModel.swift */,
			);
			path = StaticTableView_Enum;
			sourceTree = "<group>";
		};
		523ACD8B229DA65D0082946D /* Extensions */ = {
			isa = PBXGroup;
			children = (
				124C441925580E9B00EEFA8D /* UIView+Ext.swift */,
				124C440F25580BA200EEFA8D /* UITableView+Ext.swift */,
				124C441225580BB300EEFA8D /* URL+Ext.swift */,
			);
			path = Extensions;
			sourceTree = "<group>";
		};
		523ACD96229DB1470082946D /* AHFramework */ = {
			isa = PBXGroup;
			children = (
				523ACD97229DB1470082946D /* AHFramework.h */,
				523ACD98229DB1470082946D /* Info.plist */,
			);
			path = AHFramework;
			sourceTree = "<group>";
		};
		526C7A4C236EC7050014E7C7 /* Weakifiable */ = {
			isa = PBXGroup;
			children = (
				526C7A4D236EC7050014E7C7 /* Weakifiable.swift */,
			);
			path = Weakifiable;
			sourceTree = "<group>";
		};
		52ECDFDF238F064C0065D12F /* TableViewDataSource */ = {
			isa = PBXGroup;
			children = (
				52ECDFE4238F14E30065D12F /* SectionedTableViewDataSource.swift */,
				52ECDFE0238F07670065D12F /* TableViewDataSource.swift */,
			);
			path = TableViewDataSource;
			sourceTree = "<group>";
		};
		52ECDFE8239D16E40065D12F /* PropertyWrapper */ = {
			isa = PBXGroup;
			children = (
				52ECDFED239EC9D10065D12F /* ConsoleLogged.swift */,
				52ECDFE9239D19E50065D12F /* UserDefault.swift */,
				52ECDFEB239D1F3E0065D12F /* Atomic.swift */,
			);
			path = PropertyWrapper;
			sourceTree = "<group>";
		};
		52F31AC82314375500EF744E /* Styling */ = {
			isa = PBXGroup;
			children = (
				52F31AC92314378D00EF744E /* Styling.swift */,
			);
			path = Styling;
			sourceTree = "<group>";
		};
		94EF026CD103FF1FD67900E3 /* Frameworks */ = {
			isa = PBXGroup;
			children = (
				42071F0C2E1AE2290718F937 /* Pods_xcconfig_template.framework */,
				D00DC274C106DEA5967C4094 /* Pods_AHFramework.framework */,
			);
			name = Frameworks;
			sourceTree = "<group>";
		};
		A4520C4BC33361331923949C /* Pods */ = {
			isa = PBXGroup;
			children = (
				DDDDB052C0EEB24131909969 /* Pods-AHFramework.debug.xcconfig */,
				D7832CB9FF6FEF738F9C85D4 /* Pods-AHFramework.release.xcconfig */,
				F11BFEBF36394F4D64FA9981 /* Pods-xcconfig_template.debug.xcconfig */,
				7E223FCC659C77D1F72529B1 /* Pods-xcconfig_template.development.xcconfig */,
				8042F665C9E6BAF3753E5B3F /* Pods-AHFramework.development.xcconfig */,
				DD36A43F1C7C902E814C5C78 /* Pods-xcconfig_template.release.xcconfig */,
			);
			name = Pods;
			sourceTree = "<group>";
		};
/* End PBXGroup section */

/* Begin PBXHeadersBuildPhase section */
		523ACD90229DB1470082946D /* Headers */ = {
			isa = PBXHeadersBuildPhase;
			buildActionMask = 2147483647;
			files = (
				523ACD99229DB1470082946D /* AHFramework.h in Headers */,
			);
			runOnlyForDeploymentPostprocessing = 0;
		};
/* End PBXHeadersBuildPhase section */

/* Begin PBXNativeTarget section */
		521866EA2267AF78002DCB40 /* xcconfig_template */ = {
			isa = PBXNativeTarget;
			buildConfigurationList = 521866FD2267AF7B002DCB40 /* Build configuration list for PBXNativeTarget "xcconfig_template" */;
			buildPhases = (
				5D4AA0BEB39DFEF1DCFE84EA /* [CP] Check Pods Manifest.lock */,
				521866E72267AF78002DCB40 /* Sources */,
				521866E82267AF78002DCB40 /* Frameworks */,
				521866E92267AF78002DCB40 /* Resources */,
				D6700614C572F644479D6ACB /* [CP] Embed Pods Frameworks */,
				523ACDA2229DB1470082946D /* Embed Frameworks */,
			);
			buildRules = (
			);
			dependencies = (
				523ACD9B229DB1470082946D /* PBXTargetDependency */,
			);
			name = xcconfig_template;
			productName = xcconfig_template;
			productReference = 521866EB2267AF78002DCB40 /* xcconfig_template_debug.app */;
			productType = "com.apple.product-type.application";
		};
		523ACD94229DB1470082946D /* AHFramework */ = {
			isa = PBXNativeTarget;
			buildConfigurationList = 523ACD9E229DB1470082946D /* Build configuration list for PBXNativeTarget "AHFramework" */;
			buildPhases = (
				68BFC1AB07A94089CBE03B09 /* [CP] Check Pods Manifest.lock */,
				523ACD90229DB1470082946D /* Headers */,
				523ACD91229DB1470082946D /* Sources */,
				523ACD92229DB1470082946D /* Frameworks */,
				523ACD93229DB1470082946D /* Resources */,
			);
			buildRules = (
			);
			dependencies = (
			);
			name = AHFramework;
			productName = AHFramework;
			productReference = 523ACD95229DB1470082946D /* AHFramework.framework */;
			productType = "com.apple.product-type.framework";
		};
/* End PBXNativeTarget section */

/* Begin PBXProject section */
		521866E32267AF78002DCB40 /* Project object */ = {
			isa = PBXProject;
			attributes = {
				LastSwiftUpdateCheck = 1020;
				LastUpgradeCheck = 1120;
				ORGANIZATIONNAME = "Ara Hakobyan";
				TargetAttributes = {
					521866EA2267AF78002DCB40 = {
						CreatedOnToolsVersion = 10.2;
					};
					523ACD94229DB1470082946D = {
						CreatedOnToolsVersion = 10.2.1;
					};
				};
			};
			buildConfigurationList = 521866E62267AF78002DCB40 /* Build configuration list for PBXProject "xcconfig_template" */;
			compatibilityVersion = "Xcode 9.3";
			developmentRegion = en;
			hasScannedForEncodings = 0;
			knownRegions = (
				en,
				Base,
			);
			mainGroup = 521866E22267AF78002DCB40;
			productRefGroup = 521866EC2267AF78002DCB40 /* Products */;
			projectDirPath = "";
			projectRoot = "";
			targets = (
				521866EA2267AF78002DCB40 /* xcconfig_template */,
				523ACD94229DB1470082946D /* AHFramework */,
			);
		};
/* End PBXProject section */

/* Begin PBXResourcesBuildPhase section */
		521866E92267AF78002DCB40 /* Resources */ = {
			isa = PBXResourcesBuildPhase;
			buildActionMask = 2147483647;
			files = (
				521867082267B8D9002DCB40 /* Configuration.plist in Resources */,
				521866F92267AF7B002DCB40 /* LaunchScreen.storyboard in Resources */,
				521866F62267AF7B002DCB40 /* Assets.xcassets in Resources */,
				521866F42267AF78002DCB40 /* Main.storyboard in Resources */,
			);
			runOnlyForDeploymentPostprocessing = 0;
		};
		523ACD93229DB1470082946D /* Resources */ = {
			isa = PBXResourcesBuildPhase;
			buildActionMask = 2147483647;
			files = (
			);
			runOnlyForDeploymentPostprocessing = 0;
		};
/* End PBXResourcesBuildPhase section */

/* Begin PBXShellScriptBuildPhase section */
		5D4AA0BEB39DFEF1DCFE84EA /* [CP] Check Pods Manifest.lock */ = {
			isa = PBXShellScriptBuildPhase;
			buildActionMask = 2147483647;
			files = (
			);
			inputFileListPaths = (
			);
			inputPaths = (
				"${PODS_PODFILE_DIR_PATH}/Podfile.lock",
				"${PODS_ROOT}/Manifest.lock",
			);
			name = "[CP] Check Pods Manifest.lock";
			outputFileListPaths = (
			);
			outputPaths = (
				"$(DERIVED_FILE_DIR)/Pods-xcconfig_template-checkManifestLockResult.txt",
			);
			runOnlyForDeploymentPostprocessing = 0;
			shellPath = /bin/sh;
			shellScript = "diff \"${PODS_PODFILE_DIR_PATH}/Podfile.lock\" \"${PODS_ROOT}/Manifest.lock\" > /dev/null\nif [ $? != 0 ] ; then\n    # print error to STDERR\n    echo \"error: The sandbox is not in sync with the Podfile.lock. Run 'pod install' or update your CocoaPods installation.\" >&2\n    exit 1\nfi\n# This output is used by Xcode 'outputs' to avoid re-running this script phase.\necho \"SUCCESS\" > \"${SCRIPT_OUTPUT_FILE_0}\"\n";
			showEnvVarsInLog = 0;
		};
		68BFC1AB07A94089CBE03B09 /* [CP] Check Pods Manifest.lock */ = {
			isa = PBXShellScriptBuildPhase;
			buildActionMask = 2147483647;
			files = (
			);
			inputFileListPaths = (
			);
			inputPaths = (
				"${PODS_PODFILE_DIR_PATH}/Podfile.lock",
				"${PODS_ROOT}/Manifest.lock",
			);
			name = "[CP] Check Pods Manifest.lock";
			outputFileListPaths = (
			);
			outputPaths = (
				"$(DERIVED_FILE_DIR)/Pods-AHFramework-checkManifestLockResult.txt",
			);
			runOnlyForDeploymentPostprocessing = 0;
			shellPath = /bin/sh;
			shellScript = "diff \"${PODS_PODFILE_DIR_PATH}/Podfile.lock\" \"${PODS_ROOT}/Manifest.lock\" > /dev/null\nif [ $? != 0 ] ; then\n    # print error to STDERR\n    echo \"error: The sandbox is not in sync with the Podfile.lock. Run 'pod install' or update your CocoaPods installation.\" >&2\n    exit 1\nfi\n# This output is used by Xcode 'outputs' to avoid re-running this script phase.\necho \"SUCCESS\" > \"${SCRIPT_OUTPUT_FILE_0}\"\n";
			showEnvVarsInLog = 0;
		};
		D6700614C572F644479D6ACB /* [CP] Embed Pods Frameworks */ = {
			isa = PBXShellScriptBuildPhase;
			buildActionMask = 2147483647;
			files = (
			);
			inputFileListPaths = (
				"${PODS_ROOT}/Target Support Files/Pods-xcconfig_template/Pods-xcconfig_template-frameworks-${CONFIGURATION}-input-files.xcfilelist",
			);
			name = "[CP] Embed Pods Frameworks";
			outputFileListPaths = (
				"${PODS_ROOT}/Target Support Files/Pods-xcconfig_template/Pods-xcconfig_template-frameworks-${CONFIGURATION}-output-files.xcfilelist",
			);
			runOnlyForDeploymentPostprocessing = 0;
			shellPath = /bin/sh;
			shellScript = "\"${PODS_ROOT}/Target Support Files/Pods-xcconfig_template/Pods-xcconfig_template-frameworks.sh\"\n";
			showEnvVarsInLog = 0;
		};
/* End PBXShellScriptBuildPhase section */

/* Begin PBXSourcesBuildPhase section */
		521866E72267AF78002DCB40 /* Sources */ = {
			isa = PBXSourcesBuildPhase;
			buildActionMask = 2147483647;
			files = (
				52ECDFEA239D19E60065D12F /* UserDefault.swift in Sources */,
				52211560227630B7003E147B /* DynamicModel.swift in Sources */,
				5221155E22762FE9003E147B /* BaseTableViewCell.swift in Sources */,
				12772FC825DDB28F001FFAF8 /* CoreAnimationViewController.swift in Sources */,
				5221155C22762F8E003E147B /* BaseTableViewController.swift in Sources */,
				124C441025580BA200EEFA8D /* UITableView+Ext.swift in Sources */,
				12FF3704255B3FCC0098E441 /* Box.swift in Sources */,
				52ECDFE72392C5360065D12F /* DiffableDataSourceViewController.swift in Sources */,
				523ACD85229D33980082946D /* StaticTableDataProvider.swift in Sources */,
				52ECDFE1238F07670065D12F /* TableViewDataSource.swift in Sources */,
				523ACD8F229DA70B0082946D /* StaticModel.swift in Sources */,
				12E5312B23AA5EC1000D629C /* FirstAudioPlayer.swift in Sources */,
				5218671A2267C0BF002DCB40 /* GuardianTableViewController.swift in Sources */,
				523ACD87229D3E510082946D /* StaticTableViewController.swift in Sources */,
				1244F51423AD17C40088D803 /* KeyPathExamples.swift in Sources */,
				523ACD89229DA3570082946D /* StaticTableCell.swift in Sources */,
				12E5312923AA5E58000D629C /* AudioPlayerProtocol.swift in Sources */,
				521FDF93228813DB000F277A /* DynamicTableViewController.swift in Sources */,
				526C7A4E236EC7050014E7C7 /* Weakifiable.swift in Sources */,
				5218671C2267C0BF002DCB40 /* NewsFeed.swift in Sources */,
				12FBF6F025533B240037EF72 /* APIProvider.swift in Sources */,
				52F31ACA2314378D00EF744E /* Styling.swift in Sources */,
				52F31ACC23143B0900EF744E /* StyleViewController.swift in Sources */,
				521866EF2267AF78002DCB40 /* AppDelegate.swift in Sources */,
				12E5311F23AA384F000D629C /* ObservationToken.swift in Sources */,
				12E5312323AA541E000D629C /* ObserversViewController.swift in Sources */,
				52ECDFEE239EC9D10065D12F /* ConsoleLogged.swift in Sources */,
				521FDF8F22880F92000F277A /* EventableViewController.swift in Sources */,
				5218670B2267B9CE002DCB40 /* Configuration.swift in Sources */,
				124A33722389446F00802213 /* AHCallback.swift in Sources */,
				520F80A32275F35E00526A13 /* (null) in Sources */,
				12E5311D23AA3436000D629C /* AudioPlayer.swift in Sources */,
				124C441325580BB300EEFA8D /* URL+Ext.swift in Sources */,
				52ECDFEC239D1F3E0065D12F /* Atomic.swift in Sources */,
				12E5312123AA38F2000D629C /* Dictionary+Ext.swift in Sources */,
				12E5312723AA5DFF000D629C /* SecondAudioPlayer.swift in Sources */,
				124A3370238940C000802213 /* AHPromise+Extras.swift in Sources */,
				124C441A25580E9B00EEFA8D /* UIView+Ext.swift in Sources */,
				124A336423886A8A00802213 /* AHFuture.swift in Sources */,
				124A337F238949C400802213 /* URLSession+Ext.swift in Sources */,
				124A33622388659600802213 /* AHPromise.swift in Sources */,
				521867122267BFDD002DCB40 /* Guardian.swift in Sources */,
				52ECDFE3238F08E60065D12F /* DataSourceViewController.swift in Sources */,
				52ECDFE5238F14E30065D12F /* SectionedTableViewDataSource.swift in Sources */,
			);
			runOnlyForDeploymentPostprocessing = 0;
		};
		523ACD91229DB1470082946D /* Sources */ = {
			isa = PBXSourcesBuildPhase;
			buildActionMask = 2147483647;
			files = (
				124C441625580E6400EEFA8D /* UITableView+Ext.swift in Sources */,
				12FF3705255B3FCC0098E441 /* Box.swift in Sources */,
				523ACDA3229DB2310082946D /* StaticTableViewController.swift in Sources */,
				12772FC925DDB28F001FFAF8 /* CoreAnimationViewController.swift in Sources */,
				52E3010B22A0860600F409F3 /* GuardianTableViewController.swift in Sources */,
				52E3010A22A0857500F409F3 /* Configuration.swift in Sources */,
				52E3010922A0855100F409F3 /* Guardian.swift in Sources */,
				523ACDA6229DB2850082946D /* StaticModel.swift in Sources */,
				124C441725580E6400EEFA8D /* URL+Ext.swift in Sources */,
				52E3010C22A0861900F409F3 /* NewsFeed.swift in Sources */,
				124C441B25580E9B00EEFA8D /* UIView+Ext.swift in Sources */,
				12FBF6F225534ACD0037EF72 /* APIProvider.swift in Sources */,
				523ACDA4229DB2850082946D /* StaticTableDataProvider.swift in Sources */,
				523ACDA5229DB2850082946D /* StaticTableCell.swift in Sources */,
			);
			runOnlyForDeploymentPostprocessing = 0;
		};
/* End PBXSourcesBuildPhase section */

/* Begin PBXTargetDependency section */
		523ACD9B229DB1470082946D /* PBXTargetDependency */ = {
			isa = PBXTargetDependency;
			target = 523ACD94229DB1470082946D /* AHFramework */;
			targetProxy = 523ACD9A229DB1470082946D /* PBXContainerItemProxy */;
		};
/* End PBXTargetDependency section */

/* Begin PBXVariantGroup section */
		521866F22267AF78002DCB40 /* Main.storyboard */ = {
			isa = PBXVariantGroup;
			children = (
				521866F32267AF78002DCB40 /* Base */,
			);
			name = Main.storyboard;
			sourceTree = "<group>";
		};
		521866F72267AF7B002DCB40 /* LaunchScreen.storyboard */ = {
			isa = PBXVariantGroup;
			children = (
				521866F82267AF7B002DCB40 /* Base */,
			);
			name = LaunchScreen.storyboard;
			sourceTree = "<group>";
		};
/* End PBXVariantGroup section */

/* Begin XCBuildConfiguration section */
		521866FB2267AF7B002DCB40 /* Debug */ = {
			isa = XCBuildConfiguration;
			buildSettings = {
				ALWAYS_SEARCH_USER_PATHS = NO;
				CLANG_ANALYZER_NONNULL = YES;
				CLANG_ANALYZER_NUMBER_OBJECT_CONVERSION = YES_AGGRESSIVE;
				CLANG_CXX_LANGUAGE_STANDARD = "gnu++14";
				CLANG_CXX_LIBRARY = "libc++";
				CLANG_ENABLE_MODULES = YES;
				CLANG_ENABLE_OBJC_ARC = YES;
				CLANG_ENABLE_OBJC_WEAK = YES;
				CLANG_WARN_BLOCK_CAPTURE_AUTORELEASING = YES;
				CLANG_WARN_BOOL_CONVERSION = YES;
				CLANG_WARN_COMMA = YES;
				CLANG_WARN_CONSTANT_CONVERSION = YES;
				CLANG_WARN_DEPRECATED_OBJC_IMPLEMENTATIONS = YES;
				CLANG_WARN_DIRECT_OBJC_ISA_USAGE = YES_ERROR;
				CLANG_WARN_DOCUMENTATION_COMMENTS = YES;
				CLANG_WARN_EMPTY_BODY = YES;
				CLANG_WARN_ENUM_CONVERSION = YES;
				CLANG_WARN_INFINITE_RECURSION = YES;
				CLANG_WARN_INT_CONVERSION = YES;
				CLANG_WARN_NON_LITERAL_NULL_CONVERSION = YES;
				CLANG_WARN_OBJC_IMPLICIT_RETAIN_SELF = YES;
				CLANG_WARN_OBJC_LITERAL_CONVERSION = YES;
				CLANG_WARN_OBJC_ROOT_CLASS = YES_ERROR;
				CLANG_WARN_RANGE_LOOP_ANALYSIS = YES;
				CLANG_WARN_STRICT_PROTOTYPES = YES;
				CLANG_WARN_SUSPICIOUS_MOVE = YES;
				CLANG_WARN_UNGUARDED_AVAILABILITY = YES_AGGRESSIVE;
				CLANG_WARN_UNREACHABLE_CODE = YES;
				CLANG_WARN__DUPLICATE_METHOD_MATCH = YES;
				CODE_SIGN_IDENTITY = "iPhone Developer";
				COPY_PHASE_STRIP = NO;
				DEBUG_INFORMATION_FORMAT = dwarf;
				ENABLE_STRICT_OBJC_MSGSEND = YES;
				ENABLE_TESTABILITY = YES;
				GCC_C_LANGUAGE_STANDARD = gnu11;
				GCC_DYNAMIC_NO_PIC = NO;
				GCC_NO_COMMON_BLOCKS = YES;
				GCC_OPTIMIZATION_LEVEL = 0;
				GCC_PREPROCESSOR_DEFINITIONS = (
					"DEBUG=1",
					"$(inherited)",
				);
				GCC_WARN_64_TO_32_BIT_CONVERSION = YES;
				GCC_WARN_ABOUT_RETURN_TYPE = YES_ERROR;
				GCC_WARN_UNDECLARED_SELECTOR = YES;
				GCC_WARN_UNINITIALIZED_AUTOS = YES_AGGRESSIVE;
				GCC_WARN_UNUSED_FUNCTION = YES;
				GCC_WARN_UNUSED_VARIABLE = YES;
				IPHONEOS_DEPLOYMENT_TARGET = 12.2;
				MTL_ENABLE_DEBUG_INFO = INCLUDE_SOURCE;
				MTL_FAST_MATH = YES;
				ONLY_ACTIVE_ARCH = YES;
				SDKROOT = iphoneos;
				SWIFT_ACTIVE_COMPILATION_CONDITIONS = DEBUG;
				SWIFT_OPTIMIZATION_LEVEL = "-Onone";
			};
			name = Debug;
		};
		521866FC2267AF7B002DCB40 /* Release */ = {
			isa = XCBuildConfiguration;
			buildSettings = {
				ALWAYS_SEARCH_USER_PATHS = NO;
				CLANG_ANALYZER_NONNULL = YES;
				CLANG_ANALYZER_NUMBER_OBJECT_CONVERSION = YES_AGGRESSIVE;
				CLANG_CXX_LANGUAGE_STANDARD = "gnu++14";
				CLANG_CXX_LIBRARY = "libc++";
				CLANG_ENABLE_MODULES = YES;
				CLANG_ENABLE_OBJC_ARC = YES;
				CLANG_ENABLE_OBJC_WEAK = YES;
				CLANG_WARN_BLOCK_CAPTURE_AUTORELEASING = YES;
				CLANG_WARN_BOOL_CONVERSION = YES;
				CLANG_WARN_COMMA = YES;
				CLANG_WARN_CONSTANT_CONVERSION = YES;
				CLANG_WARN_DEPRECATED_OBJC_IMPLEMENTATIONS = YES;
				CLANG_WARN_DIRECT_OBJC_ISA_USAGE = YES_ERROR;
				CLANG_WARN_DOCUMENTATION_COMMENTS = YES;
				CLANG_WARN_EMPTY_BODY = YES;
				CLANG_WARN_ENUM_CONVERSION = YES;
				CLANG_WARN_INFINITE_RECURSION = YES;
				CLANG_WARN_INT_CONVERSION = YES;
				CLANG_WARN_NON_LITERAL_NULL_CONVERSION = YES;
				CLANG_WARN_OBJC_IMPLICIT_RETAIN_SELF = YES;
				CLANG_WARN_OBJC_LITERAL_CONVERSION = YES;
				CLANG_WARN_OBJC_ROOT_CLASS = YES_ERROR;
				CLANG_WARN_RANGE_LOOP_ANALYSIS = YES;
				CLANG_WARN_STRICT_PROTOTYPES = YES;
				CLANG_WARN_SUSPICIOUS_MOVE = YES;
				CLANG_WARN_UNGUARDED_AVAILABILITY = YES_AGGRESSIVE;
				CLANG_WARN_UNREACHABLE_CODE = YES;
				CLANG_WARN__DUPLICATE_METHOD_MATCH = YES;
				CODE_SIGN_IDENTITY = "iPhone Developer";
				COPY_PHASE_STRIP = NO;
				DEBUG_INFORMATION_FORMAT = "dwarf-with-dsym";
				ENABLE_NS_ASSERTIONS = NO;
				ENABLE_STRICT_OBJC_MSGSEND = YES;
				GCC_C_LANGUAGE_STANDARD = gnu11;
				GCC_NO_COMMON_BLOCKS = YES;
				GCC_WARN_64_TO_32_BIT_CONVERSION = YES;
				GCC_WARN_ABOUT_RETURN_TYPE = YES_ERROR;
				GCC_WARN_UNDECLARED_SELECTOR = YES;
				GCC_WARN_UNINITIALIZED_AUTOS = YES_AGGRESSIVE;
				GCC_WARN_UNUSED_FUNCTION = YES;
				GCC_WARN_UNUSED_VARIABLE = YES;
				IPHONEOS_DEPLOYMENT_TARGET = 12.2;
				MTL_ENABLE_DEBUG_INFO = NO;
				MTL_FAST_MATH = YES;
				SDKROOT = iphoneos;
				SWIFT_COMPILATION_MODE = wholemodule;
				SWIFT_OPTIMIZATION_LEVEL = "-O";
				VALIDATE_PRODUCT = YES;
			};
			name = Release;
		};
		521866FE2267AF7B002DCB40 /* Debug */ = {
			isa = XCBuildConfiguration;
			baseConfigurationReference = 521867022267B0DC002DCB40 /* Debug.xcconfig */;
			buildSettings = {
				ALWAYS_EMBED_SWIFT_STANDARD_LIBRARIES = "$(inherited)";
				ASSETCATALOG_COMPILER_APPICON_NAME = AppIcon;
				CODE_SIGN_STYLE = Automatic;
				DEVELOPMENT_TEAM = WK8C7HUHMZ;
				Env = Debug;
				INFOPLIST_FILE = xcconfig_template/Info.plist;
				LD_RUNPATH_SEARCH_PATHS = (
					"$(inherited)",
					"@executable_path/Frameworks",
				);
				PRODUCT_BUNDLE_IDENTIFIER = "com.arohak.xcconfig-template";
				PRODUCT_NAME = "$(TARGET_NAME)_debug";
				SWIFT_VERSION = 5.0;
				TARGETED_DEVICE_FAMILY = "1,2";
			};
			name = Debug;
		};
		521866FF2267AF7B002DCB40 /* Release */ = {
			isa = XCBuildConfiguration;
			baseConfigurationReference = 521867032267B0F3002DCB40 /* Release.xcconfig */;
			buildSettings = {
				ALWAYS_EMBED_SWIFT_STANDARD_LIBRARIES = "$(inherited)";
				ASSETCATALOG_COMPILER_APPICON_NAME = AppIcon;
				CODE_SIGN_STYLE = Automatic;
				DEVELOPMENT_TEAM = WK8C7HUHMZ;
				Env = Release;
				INFOPLIST_FILE = xcconfig_template/Info.plist;
				LD_RUNPATH_SEARCH_PATHS = (
					"$(inherited)",
					"@executable_path/Frameworks",
				);
				PRODUCT_BUNDLE_IDENTIFIER = "com.arohak.xcconfig-template";
				PRODUCT_NAME = xcconfig;
				SWIFT_VERSION = 5.0;
				TARGETED_DEVICE_FAMILY = "1,2";
			};
			name = Release;
		};
		521867052267B142002DCB40 /* Development */ = {
			isa = XCBuildConfiguration;
			buildSettings = {
				ALWAYS_SEARCH_USER_PATHS = NO;
				CLANG_ANALYZER_NONNULL = YES;
				CLANG_ANALYZER_NUMBER_OBJECT_CONVERSION = YES_AGGRESSIVE;
				CLANG_CXX_LANGUAGE_STANDARD = "gnu++14";
				CLANG_CXX_LIBRARY = "libc++";
				CLANG_ENABLE_MODULES = YES;
				CLANG_ENABLE_OBJC_ARC = YES;
				CLANG_ENABLE_OBJC_WEAK = YES;
				CLANG_WARN_BLOCK_CAPTURE_AUTORELEASING = YES;
				CLANG_WARN_BOOL_CONVERSION = YES;
				CLANG_WARN_COMMA = YES;
				CLANG_WARN_CONSTANT_CONVERSION = YES;
				CLANG_WARN_DEPRECATED_OBJC_IMPLEMENTATIONS = YES;
				CLANG_WARN_DIRECT_OBJC_ISA_USAGE = YES_ERROR;
				CLANG_WARN_DOCUMENTATION_COMMENTS = YES;
				CLANG_WARN_EMPTY_BODY = YES;
				CLANG_WARN_ENUM_CONVERSION = YES;
				CLANG_WARN_INFINITE_RECURSION = YES;
				CLANG_WARN_INT_CONVERSION = YES;
				CLANG_WARN_NON_LITERAL_NULL_CONVERSION = YES;
				CLANG_WARN_OBJC_IMPLICIT_RETAIN_SELF = YES;
				CLANG_WARN_OBJC_LITERAL_CONVERSION = YES;
				CLANG_WARN_OBJC_ROOT_CLASS = YES_ERROR;
				CLANG_WARN_RANGE_LOOP_ANALYSIS = YES;
				CLANG_WARN_STRICT_PROTOTYPES = YES;
				CLANG_WARN_SUSPICIOUS_MOVE = YES;
				CLANG_WARN_UNGUARDED_AVAILABILITY = YES_AGGRESSIVE;
				CLANG_WARN_UNREACHABLE_CODE = YES;
				CLANG_WARN__DUPLICATE_METHOD_MATCH = YES;
				CODE_SIGN_IDENTITY = "iPhone Developer";
				COPY_PHASE_STRIP = NO;
				DEBUG_INFORMATION_FORMAT = dwarf;
				ENABLE_STRICT_OBJC_MSGSEND = YES;
				ENABLE_TESTABILITY = YES;
				GCC_C_LANGUAGE_STANDARD = gnu11;
				GCC_DYNAMIC_NO_PIC = NO;
				GCC_NO_COMMON_BLOCKS = YES;
				GCC_OPTIMIZATION_LEVEL = 0;
				GCC_PREPROCESSOR_DEFINITIONS = (
					"DEBUG=1",
					"$(inherited)",
				);
				GCC_WARN_64_TO_32_BIT_CONVERSION = YES;
				GCC_WARN_ABOUT_RETURN_TYPE = YES_ERROR;
				GCC_WARN_UNDECLARED_SELECTOR = YES;
				GCC_WARN_UNINITIALIZED_AUTOS = YES_AGGRESSIVE;
				GCC_WARN_UNUSED_FUNCTION = YES;
				GCC_WARN_UNUSED_VARIABLE = YES;
				IPHONEOS_DEPLOYMENT_TARGET = 12.2;
				MTL_ENABLE_DEBUG_INFO = INCLUDE_SOURCE;
				MTL_FAST_MATH = YES;
				ONLY_ACTIVE_ARCH = YES;
				SDKROOT = iphoneos;
				SWIFT_ACTIVE_COMPILATION_CONDITIONS = DEBUG;
				SWIFT_OPTIMIZATION_LEVEL = "-Onone";
			};
			name = Development;
		};
		521867062267B142002DCB40 /* Development */ = {
			isa = XCBuildConfiguration;
			baseConfigurationReference = 521867042267B12E002DCB40 /* Development.xcconfig */;
			buildSettings = {
				ALWAYS_EMBED_SWIFT_STANDARD_LIBRARIES = "$(inherited)";
				ASSETCATALOG_COMPILER_APPICON_NAME = AppIcon;
				CODE_SIGN_STYLE = Automatic;
				DEVELOPMENT_TEAM = WK8C7HUHMZ;
				Env = Development;
				INFOPLIST_FILE = xcconfig_template/Info.plist;
				LD_RUNPATH_SEARCH_PATHS = (
					"$(inherited)",
					"@executable_path/Frameworks",
				);
				PRODUCT_BUNDLE_IDENTIFIER = "com.arohak.xcconfig-template_dev";
				PRODUCT_NAME = xcconfig_dev;
				SWIFT_VERSION = 5.0;
				TARGETED_DEVICE_FAMILY = "1,2";
			};
			name = Development;
		};
		523ACD9F229DB1470082946D /* Debug */ = {
			isa = XCBuildConfiguration;
			baseConfigurationReference = DDDDB052C0EEB24131909969 /* Pods-AHFramework.debug.xcconfig */;
			buildSettings = {
				ALWAYS_EMBED_SWIFT_STANDARD_LIBRARIES = NO;
				CODE_SIGN_IDENTITY = "";
				CODE_SIGN_STYLE = Automatic;
				CURRENT_PROJECT_VERSION = 1;
				DEFINES_MODULE = YES;
				DEVELOPMENT_TEAM = WK8C7HUHMZ;
				DYLIB_COMPATIBILITY_VERSION = 1;
				DYLIB_CURRENT_VERSION = 1;
				DYLIB_INSTALL_NAME_BASE = "@rpath";
				INFOPLIST_FILE = AHFramework/Info.plist;
				INSTALL_PATH = "$(LOCAL_LIBRARY_DIR)/Frameworks";
				LD_RUNPATH_SEARCH_PATHS = (
					"$(inherited)",
					"@executable_path/Frameworks",
					"@loader_path/Frameworks",
				);
				PRODUCT_BUNDLE_IDENTIFIER = com.arohak.AHFramework;
				PRODUCT_NAME = "$(TARGET_NAME:c99extidentifier)";
				SKIP_INSTALL = YES;
				SWIFT_VERSION = 5.0;
				TARGETED_DEVICE_FAMILY = "1,2";
				VERSIONING_SYSTEM = "apple-generic";
				VERSION_INFO_PREFIX = "";
			};
			name = Debug;
		};
		523ACDA0229DB1470082946D /* Development */ = {
			isa = XCBuildConfiguration;
			baseConfigurationReference = 8042F665C9E6BAF3753E5B3F /* Pods-AHFramework.development.xcconfig */;
			buildSettings = {
				ALWAYS_EMBED_SWIFT_STANDARD_LIBRARIES = NO;
				CODE_SIGN_IDENTITY = "";
				CODE_SIGN_STYLE = Automatic;
				CURRENT_PROJECT_VERSION = 1;
				DEFINES_MODULE = YES;
				DEVELOPMENT_TEAM = WK8C7HUHMZ;
				DYLIB_COMPATIBILITY_VERSION = 1;
				DYLIB_CURRENT_VERSION = 1;
				DYLIB_INSTALL_NAME_BASE = "@rpath";
				INFOPLIST_FILE = AHFramework/Info.plist;
				INSTALL_PATH = "$(LOCAL_LIBRARY_DIR)/Frameworks";
				LD_RUNPATH_SEARCH_PATHS = (
					"$(inherited)",
					"@executable_path/Frameworks",
					"@loader_path/Frameworks",
				);
				PRODUCT_BUNDLE_IDENTIFIER = com.arohak.AHFramework;
				PRODUCT_NAME = "$(TARGET_NAME:c99extidentifier)";
				SKIP_INSTALL = YES;
				SWIFT_VERSION = 5.0;
				TARGETED_DEVICE_FAMILY = "1,2";
				VERSIONING_SYSTEM = "apple-generic";
				VERSION_INFO_PREFIX = "";
			};
			name = Development;
		};
		523ACDA1229DB1470082946D /* Release */ = {
			isa = XCBuildConfiguration;
			baseConfigurationReference = D7832CB9FF6FEF738F9C85D4 /* Pods-AHFramework.release.xcconfig */;
			buildSettings = {
				ALWAYS_EMBED_SWIFT_STANDARD_LIBRARIES = NO;
				CODE_SIGN_IDENTITY = "";
				CODE_SIGN_STYLE = Automatic;
				CURRENT_PROJECT_VERSION = 1;
				DEFINES_MODULE = YES;
				DEVELOPMENT_TEAM = WK8C7HUHMZ;
				DYLIB_COMPATIBILITY_VERSION = 1;
				DYLIB_CURRENT_VERSION = 1;
				DYLIB_INSTALL_NAME_BASE = "@rpath";
				INFOPLIST_FILE = AHFramework/Info.plist;
				INSTALL_PATH = "$(LOCAL_LIBRARY_DIR)/Frameworks";
				LD_RUNPATH_SEARCH_PATHS = (
					"$(inherited)",
					"@executable_path/Frameworks",
					"@loader_path/Frameworks",
				);
				PRODUCT_BUNDLE_IDENTIFIER = com.arohak.AHFramework;
				PRODUCT_NAME = "$(TARGET_NAME:c99extidentifier)";
				SKIP_INSTALL = YES;
				SWIFT_VERSION = 5.0;
				TARGETED_DEVICE_FAMILY = "1,2";
				VERSIONING_SYSTEM = "apple-generic";
				VERSION_INFO_PREFIX = "";
			};
			name = Release;
		};
/* End XCBuildConfiguration section */

/* Begin XCConfigurationList section */
		521866E62267AF78002DCB40 /* Build configuration list for PBXProject "xcconfig_template" */ = {
			isa = XCConfigurationList;
			buildConfigurations = (
				521866FB2267AF7B002DCB40 /* Debug */,
				521867052267B142002DCB40 /* Development */,
				521866FC2267AF7B002DCB40 /* Release */,
			);
			defaultConfigurationIsVisible = 0;
			defaultConfigurationName = Release;
		};
		521866FD2267AF7B002DCB40 /* Build configuration list for PBXNativeTarget "xcconfig_template" */ = {
			isa = XCConfigurationList;
			buildConfigurations = (
				521866FE2267AF7B002DCB40 /* Debug */,
				521867062267B142002DCB40 /* Development */,
				521866FF2267AF7B002DCB40 /* Release */,
			);
			defaultConfigurationIsVisible = 0;
			defaultConfigurationName = Release;
		};
		523ACD9E229DB1470082946D /* Build configuration list for PBXNativeTarget "AHFramework" */ = {
			isa = XCConfigurationList;
			buildConfigurations = (
				523ACD9F229DB1470082946D /* Debug */,
				523ACDA0229DB1470082946D /* Development */,
				523ACDA1229DB1470082946D /* Release */,
			);
			defaultConfigurationIsVisible = 0;
			defaultConfigurationName = Release;
		};
/* End XCConfigurationList section */
	};
	rootObject = 521866E32267AF78002DCB40 /* Project object */;
}
